
Microsoft Visual Studio Solution File, Format Version 12.00
# Visual Studio Version 17
VisualStudioVersion = 17.3.32929.385
MinimumVisualStudioVersion = 10.0.40219.1
Project("{FAE04EC0-301F-11D3-BF4B-00C04F79EFBC}") = "App", "App\App.csproj", "{4CCE3F2F-3308-48EF-A901-25EE08F54018}"
EndProject
Global
	GlobalSection(SolutionConfigurationPlatforms) = preSolution
		Debug|Any CPU = Debug|Any CPU
		Release|Any CPU = Release|Any CPU
	EndGlobalSection
	GlobalSection(ProjectConfigurationPlatforms) = postSolution
		{4CCE3F2F-3308-48EF-A901-25EE08F54018}.Debug|Any CPU.ActiveCfg = Debug|Any CPU
		{4CCE3F2F-3308-48EF-A901-25EE08F54018}.Debug|Any CPU.Build.0 = Debug|Any CPU
		{4CCE3F2F-3308-48EF-A901-25EE08F54018}.Release|Any CPU.ActiveCfg = Release|Any CPU
		{4CCE3F2F-3308-48EF-A901-25EE08F54018}.Release|Any CPU.Build.0 = Release|Any CPU
	EndGlobalSection
	GlobalSection(SolutionProperties) = preSolution
		HideSolutionNode = FALSE
	EndGlobalSection
	GlobalSection(ExtensibilityGlobals) = postSolution
		SolutionGuid = {AB4F7729-D5A2-40F4-A72C-7FD69EBF3D9D}
	EndGlobalSection
EndGlobal
